{
  "name": "pbtextjson",
  "lockfileVersion": 2,
  "requires": true,
  "packages": {
    "": {
      "dependencies": {
        "camelcase": "^7.0.1",
        "pb-text-format-to-json": "^1.1.2"
      }
    },
    "node_modules/camelcase": {
      "version": "7.0.1",
      "resolved": "https://registry.npmjs.org/camelcase/-/camelcase-7.0.1.tgz",
      "integrity": "sha512-xlx1yCK2Oc1APsPXDL2LdlNP6+uu8OCDdhOBSVT279M/S+y75O30C2VuD8T2ogdePBBl7PfPF4504tnLgX3zfw==",
      "engines": {
        "node": ">=14.16"
      },
      "funding": {
        "url": "https://github.com/sponsors/sindresorhus"
      }
    },
    "node_modules/parsimmon": {
      "version": "1.18.1",
      "resolved": "https://registry.npmjs.org/parsimmon/-/parsimmon-1.18.1.tgz",
      "integrity": "sha512-u7p959wLfGAhJpSDJVYXoyMCXWYwHia78HhRBWqk7AIbxdmlrfdp5wX0l3xv/iTSH5HvhN9K7o26hwwpgS5Nmw=="
    },
    "node_modules/pb-text-format-to-json": {
      "version": "1.1.2",
      "resolved": "https://registry.npmjs.org/pb-text-format-to-json/-/pb-text-format-to-json-1.1.2.tgz",
      "integrity": "sha512-byfRFK5zx9d6kMRBGTyxG9j/POUVjs9bO2/mhiBauj5xKuANaWTaqBFbi1wihkSjcBYEANwmtLq6RxTocBUFuQ==",
      "dependencies": {
        "parsimmon": "^1.16.0"
      }
    }
  },
  "dependencies": {
    "camelcase": {
      "version": "7.0.1",
      "resolved": "https://registry.npmjs.org/camelcase/-/camelcase-7.0.1.tgz",
      "integrity": "sha512-xlx1yCK2Oc1APsPXDL2LdlNP6+uu8OCDdhOBSVT279M/S+y75O30C2VuD8T2ogdePBBl7PfPF4504tnLgX3zfw=="
    },
    "parsimmon": {
      "version": "1.18.1",
      "resolved": "https://registry.npmjs.org/parsimmon/-/parsimmon-1.18.1.tgz",
      "integrity": "sha512-u7p959wLfGAhJpSDJVYXoyMCXWYwHia78HhRBWqk7AIbxdmlrfdp5wX0l3xv/iTSH5HvhN9K7o26hwwpgS5Nmw=="
    },
    "pb-text-format-to-json": {
      "version": "1.1.2",
      "resolved": "https://registry.npmjs.org/pb-text-format-to-json/-/pb-text-format-to-json-1.1.2.tgz",
      "integrity": "sha512-byfRFK5zx9d6kMRBGTyxG9j/POUVjs9bO2/mhiBauj5xKuANaWTaqBFbi1wihkSjcBYEANwmtLq6RxTocBUFuQ==",
      "requires": {
        "parsimmon": "^1.16.0"
      }
    }
  }
}
